
Microsoft Visual Studio Solution File, Format Version 11.00
# Visual Studio Version 17

Project("{8BC9CEB8-8B4A-11D0-8D11-00A0C91BC942}") = "franAudioFX-EQ1 - Standalone Plugin", "franAudioFX-EQ1_StandalonePlugin.vcxproj", "{9C32B37F-4153-F223-5EA6-B8993CB1113A}"
	ProjectSection(ProjectDependencies) = postProject
		{D61C2060-EC89-BD68-A394-AE8467B224AD} = {D61C2060-EC89-BD68-A394-AE8467B224AD}
	EndProjectSection
EndProject
Project("{8BC9CEB8-8B4A-11D0-8D11-00A0C91BC942}") = "franAudioFX-EQ1 - VST3", "franAudioFX-EQ1_VST3.vcxproj", "{79E660CB-D40D-8938-C424-2AD511C58A2F}"
	ProjectSection(ProjectDependencies) = postProject
		{D61C2060-EC89-BD68-A394-AE8467B224AD} = {D61C2060-EC89-BD68-A394-AE8467B224AD}
		{7A108F10-1A2F-82A8-C85A-0EFD8490CBF1} = {7A108F10-1A2F-82A8-C85A-0EFD8490CBF1}
	EndProjectSection
EndProject
Project("{8BC9CEB8-8B4A-11D0-8D11-00A0C91BC942}") = "franAudioFX-EQ1 - Shared Code", "franAudioFX-EQ1_SharedCode.vcxproj", "{D61C2060-EC89-BD68-A394-AE8467B224AD}"
EndProject
Project("{8BC9CEB8-8B4A-11D0-8D11-00A0C91BC942}") = "franAudioFX-EQ1 - VST3 Manifest Helper", "franAudioFX-EQ1_VST3ManifestHelper.vcxproj", "{7A108F10-1A2F-82A8-C85A-0EFD8490CBF1}"
EndProject
Global
	GlobalSection(SolutionConfigurationPlatforms) = preSolution
		Debug|x64 = Debug|x64
		Release|x64 = Release|x64
	EndGlobalSection
	GlobalSection(ProjectConfigurationPlatforms) = postSolution
		{79E660CB-D40D-8938-C424-2AD511C58A2F}.Debug|x64.ActiveCfg = Debug|x64
		{79E660CB-D40D-8938-C424-2AD511C58A2F}.Debug|x64.Build.0 = Debug|x64
		{79E660CB-D40D-8938-C424-2AD511C58A2F}.Release|x64.ActiveCfg = Release|x64
		{79E660CB-D40D-8938-C424-2AD511C58A2F}.Release|x64.Build.0 = Release|x64
		{9C32B37F-4153-F223-5EA6-B8993CB1113A}.Debug|x64.ActiveCfg = Debug|x64
		{9C32B37F-4153-F223-5EA6-B8993CB1113A}.Debug|x64.Build.0 = Debug|x64
		{9C32B37F-4153-F223-5EA6-B8993CB1113A}.Release|x64.ActiveCfg = Release|x64
		{9C32B37F-4153-F223-5EA6-B8993CB1113A}.Release|x64.Build.0 = Release|x64
		{D61C2060-EC89-BD68-A394-AE8467B224AD}.Debug|x64.ActiveCfg = Debug|x64
		{D61C2060-EC89-BD68-A394-AE8467B224AD}.Debug|x64.Build.0 = Debug|x64
		{D61C2060-EC89-BD68-A394-AE8467B224AD}.Release|x64.ActiveCfg = Release|x64
		{D61C2060-EC89-BD68-A394-AE8467B224AD}.Release|x64.Build.0 = Release|x64
		{7A108F10-1A2F-82A8-C85A-0EFD8490CBF1}.Debug|x64.ActiveCfg = Debug|x64
		{7A108F10-1A2F-82A8-C85A-0EFD8490CBF1}.Debug|x64.Build.0 = Debug|x64
		{7A108F10-1A2F-82A8-C85A-0EFD8490CBF1}.Release|x64.ActiveCfg = Release|x64
		{7A108F10-1A2F-82A8-C85A-0EFD8490CBF1}.Release|x64.Build.0 = Release|x64
	EndGlobalSection
	GlobalSection(SolutionProperties) = preSolution
		HideSolutionNode = FALSE
	EndGlobalSection
EndGlobal
